
Microsoft Visual Studio Solution File, Format Version 12.00
# Visual Studio Version 17
VisualStudioVersion = 17.13.35931.197 d17.13
MinimumVisualStudioVersion = 10.0.40219.1
Project("{FAE04EC0-301F-11D3-BF4B-00C04F79EFBC}") = "Ecom.Core", "Ecom.Core\Ecom.Core.csproj", "{D7F415D9-EFD2-4523-8D37-C925043FC9FD}"
EndProject
Project("{2150E333-8FDC-42A3-9474-1A3956D46DE8}") = "src", "src", "{02EA681E-C7D8-13C7-8484-4AC65E1B71E8}"
EndProject
Project("{FAE04EC0-301F-11D3-BF4B-00C04F79EFBC}") = "Ecom.infrastructure", "Ecom.infrastructure\Ecom.infrastructure.csproj", "{BF9782DF-7C25-4AAD-BDF6-7CBEEA2C9CA2}"
EndProject
Project("{FAE04EC0-301F-11D3-BF4B-00C04F79EFBC}") = "Ecom.API", "Ecom.API\Ecom.API.csproj", "{0A497150-2E48-4A4E-A06D-26CA707C0CC1}"
EndProject
Global
	GlobalSection(SolutionConfigurationPlatforms) = preSolution
		Debug|Any CPU = Debug|Any CPU
		Release|Any CPU = Release|Any CPU
	EndGlobalSection
	GlobalSection(ProjectConfigurationPlatforms) = postSolution
		{D7F415D9-EFD2-4523-8D37-C925043FC9FD}.Debug|Any CPU.ActiveCfg = Debug|Any CPU
		{D7F415D9-EFD2-4523-8D37-C925043FC9FD}.Debug|Any CPU.Build.0 = Debug|Any CPU
		{D7F415D9-EFD2-4523-8D37-C925043FC9FD}.Release|Any CPU.ActiveCfg = Release|Any CPU
		{D7F415D9-EFD2-4523-8D37-C925043FC9FD}.Release|Any CPU.Build.0 = Release|Any CPU
		{BF9782DF-7C25-4AAD-BDF6-7CBEEA2C9CA2}.Debug|Any CPU.ActiveCfg = Debug|Any CPU
		{BF9782DF-7C25-4AAD-BDF6-7CBEEA2C9CA2}.Debug|Any CPU.Build.0 = Debug|Any CPU
		{BF9782DF-7C25-4AAD-BDF6-7CBEEA2C9CA2}.Release|Any CPU.ActiveCfg = Release|Any CPU
		{BF9782DF-7C25-4AAD-BDF6-7CBEEA2C9CA2}.Release|Any CPU.Build.0 = Release|Any CPU
		{0A497150-2E48-4A4E-A06D-26CA707C0CC1}.Debug|Any CPU.ActiveCfg = Debug|Any CPU
		{0A497150-2E48-4A4E-A06D-26CA707C0CC1}.Debug|Any CPU.Build.0 = Debug|Any CPU
		{0A497150-2E48-4A4E-A06D-26CA707C0CC1}.Release|Any CPU.ActiveCfg = Release|Any CPU
		{0A497150-2E48-4A4E-A06D-26CA707C0CC1}.Release|Any CPU.Build.0 = Release|Any CPU
	EndGlobalSection
	GlobalSection(SolutionProperties) = preSolution
		HideSolutionNode = FALSE
	EndGlobalSection
	GlobalSection(NestedProjects) = preSolution
		{D7F415D9-EFD2-4523-8D37-C925043FC9FD} = {02EA681E-C7D8-13C7-8484-4AC65E1B71E8}
		{BF9782DF-7C25-4AAD-BDF6-7CBEEA2C9CA2} = {02EA681E-C7D8-13C7-8484-4AC65E1B71E8}
		{0A497150-2E48-4A4E-A06D-26CA707C0CC1} = {02EA681E-C7D8-13C7-8484-4AC65E1B71E8}
	EndGlobalSection
	GlobalSection(ExtensibilityGlobals) = postSolution
		SolutionGuid = {9D9D3E37-D18E-48EB-A7CC-F9258425398F}
	EndGlobalSection
EndGlobal
